
Microsoft Visual Studio Solution File, Format Version 12.00
# Visual Studio 15
VisualStudioVersion = 15.0.33423.255
MinimumVisualStudioVersion = 10.0.40219.1
Project("{FAE04EC0-301F-11D3-BF4B-00C04F79EFBC}") = "Static", "Static\Static.csproj", "{467BCB84-784A-4C6C-B06F-2E0E1F829EF7}"
EndProject
Project("{FAE04EC0-301F-11D3-BF4B-00C04F79EFBC}") = "Homework", "Homework\Homework.csproj", "{B00DB36F-62C4-4A06-B123-6DF6EF63B6CE}"
EndProject
Global
	GlobalSection(SolutionConfigurationPlatforms) = preSolution
		Debug|Any CPU = Debug|Any CPU
		Release|Any CPU = Release|Any CPU
	EndGlobalSection
	GlobalSection(ProjectConfigurationPlatforms) = postSolution
		{467BCB84-784A-4C6C-B06F-2E0E1F829EF7}.Debug|Any CPU.ActiveCfg = Debug|Any CPU
		{467BCB84-784A-4C6C-B06F-2E0E1F829EF7}.Debug|Any CPU.Build.0 = Debug|Any CPU
		{467BCB84-784A-4C6C-B06F-2E0E1F829EF7}.Release|Any CPU.ActiveCfg = Release|Any CPU
		{467BCB84-784A-4C6C-B06F-2E0E1F829EF7}.Release|Any CPU.Build.0 = Release|Any CPU
		{B00DB36F-62C4-4A06-B123-6DF6EF63B6CE}.Debug|Any CPU.ActiveCfg = Debug|Any CPU
		{B00DB36F-62C4-4A06-B123-6DF6EF63B6CE}.Debug|Any CPU.Build.0 = Debug|Any CPU
		{B00DB36F-62C4-4A06-B123-6DF6EF63B6CE}.Release|Any CPU.ActiveCfg = Release|Any CPU
		{B00DB36F-62C4-4A06-B123-6DF6EF63B6CE}.Release|Any CPU.Build.0 = Release|Any CPU
	EndGlobalSection
	GlobalSection(SolutionProperties) = preSolution
		HideSolutionNode = FALSE
	EndGlobalSection
	GlobalSection(ExtensibilityGlobals) = postSolution
		SolutionGuid = {1A88039B-0810-4B24-B28B-281069A4CAC8}
	EndGlobalSection
EndGlobal
