
Microsoft Visual Studio Solution File, Format Version 12.00
# Visual Studio 15
VisualStudioVersion = 15.0.33423.255
MinimumVisualStudioVersion = 10.0.40219.1
Project("{FAE04EC0-301F-11D3-BF4B-00C04F79EFBC}") = "BoxingUnBoxing", "BoxingUnBoxing\BoxingUnBoxing.csproj", "{2EB11B36-39FA-48F3-BA8F-DC95549282E2}"
EndProject
Project("{FAE04EC0-301F-11D3-BF4B-00C04F79EFBC}") = "Homework", "Homework\Homework.csproj", "{4B0B5CA8-1C4B-4D14-A480-FC52580D2383}"
EndProject
Global
	GlobalSection(SolutionConfigurationPlatforms) = preSolution
		Debug|Any CPU = Debug|Any CPU
		Release|Any CPU = Release|Any CPU
	EndGlobalSection
	GlobalSection(ProjectConfigurationPlatforms) = postSolution
		{2EB11B36-39FA-48F3-BA8F-DC95549282E2}.Debug|Any CPU.ActiveCfg = Debug|Any CPU
		{2EB11B36-39FA-48F3-BA8F-DC95549282E2}.Debug|Any CPU.Build.0 = Debug|Any CPU
		{2EB11B36-39FA-48F3-BA8F-DC95549282E2}.Release|Any CPU.ActiveCfg = Release|Any CPU
		{2EB11B36-39FA-48F3-BA8F-DC95549282E2}.Release|Any CPU.Build.0 = Release|Any CPU
		{4B0B5CA8-1C4B-4D14-A480-FC52580D2383}.Debug|Any CPU.ActiveCfg = Debug|Any CPU
		{4B0B5CA8-1C4B-4D14-A480-FC52580D2383}.Debug|Any CPU.Build.0 = Debug|Any CPU
		{4B0B5CA8-1C4B-4D14-A480-FC52580D2383}.Release|Any CPU.ActiveCfg = Release|Any CPU
		{4B0B5CA8-1C4B-4D14-A480-FC52580D2383}.Release|Any CPU.Build.0 = Release|Any CPU
	EndGlobalSection
	GlobalSection(SolutionProperties) = preSolution
		HideSolutionNode = FALSE
	EndGlobalSection
	GlobalSection(ExtensibilityGlobals) = postSolution
		SolutionGuid = {AA99332D-2F19-49FF-BEEE-B37F68AC2580}
	EndGlobalSection
EndGlobal
