
Microsoft Visual Studio Solution File, Format Version 12.00
# Visual Studio 15
VisualStudioVersion = 15.0.33423.255
MinimumVisualStudioVersion = 10.0.40219.1
Project("{FAE04EC0-301F-11D3-BF4B-00C04F79EFBC}") = "HassTableAndArrayList", "HassTableAndArrayList\HassTableAndArrayList.csproj", "{4675901D-19D2-400D-B593-C550B15BFF77}"
EndProject
Project("{FAE04EC0-301F-11D3-BF4B-00C04F79EFBC}") = "Homework", "Homework\Homework.csproj", "{8DAD5AAA-BA3E-46C5-AA89-36381D240DBD}"
EndProject
Global
	GlobalSection(SolutionConfigurationPlatforms) = preSolution
		Debug|Any CPU = Debug|Any CPU
		Release|Any CPU = Release|Any CPU
	EndGlobalSection
	GlobalSection(ProjectConfigurationPlatforms) = postSolution
		{4675901D-19D2-400D-B593-C550B15BFF77}.Debug|Any CPU.ActiveCfg = Debug|Any CPU
		{4675901D-19D2-400D-B593-C550B15BFF77}.Debug|Any CPU.Build.0 = Debug|Any CPU
		{4675901D-19D2-400D-B593-C550B15BFF77}.Release|Any CPU.ActiveCfg = Release|Any CPU
		{4675901D-19D2-400D-B593-C550B15BFF77}.Release|Any CPU.Build.0 = Release|Any CPU
		{8DAD5AAA-BA3E-46C5-AA89-36381D240DBD}.Debug|Any CPU.ActiveCfg = Debug|Any CPU
		{8DAD5AAA-BA3E-46C5-AA89-36381D240DBD}.Debug|Any CPU.Build.0 = Debug|Any CPU
		{8DAD5AAA-BA3E-46C5-AA89-36381D240DBD}.Release|Any CPU.ActiveCfg = Release|Any CPU
		{8DAD5AAA-BA3E-46C5-AA89-36381D240DBD}.Release|Any CPU.Build.0 = Release|Any CPU
	EndGlobalSection
	GlobalSection(SolutionProperties) = preSolution
		HideSolutionNode = FALSE
	EndGlobalSection
	GlobalSection(ExtensibilityGlobals) = postSolution
		SolutionGuid = {AF1D2C7E-E692-4E96-A4F5-1104290871A5}
	EndGlobalSection
EndGlobal
