
Microsoft Visual Studio Solution File, Format Version 12.00
# Visual Studio 15
VisualStudioVersion = 15.0.33423.255
MinimumVisualStudioVersion = 10.0.40219.1
Project("{FAE04EC0-301F-11D3-BF4B-00C04F79EFBC}") = "ConditionalStatements", "ConditionalStatements\ConditionalStatements.csproj", "{24A5B5F9-BCD8-4775-9A6E-A86117E08B8E}"
EndProject
Project("{FAE04EC0-301F-11D3-BF4B-00C04F79EFBC}") = "Homework", "Homework\Homework.csproj", "{2C736C40-E241-4A44-B43F-A3F9DEFE4437}"
EndProject
Global
	GlobalSection(SolutionConfigurationPlatforms) = preSolution
		Debug|Any CPU = Debug|Any CPU
		Release|Any CPU = Release|Any CPU
	EndGlobalSection
	GlobalSection(ProjectConfigurationPlatforms) = postSolution
		{24A5B5F9-BCD8-4775-9A6E-A86117E08B8E}.Debug|Any CPU.ActiveCfg = Debug|Any CPU
		{24A5B5F9-BCD8-4775-9A6E-A86117E08B8E}.Debug|Any CPU.Build.0 = Debug|Any CPU
		{24A5B5F9-BCD8-4775-9A6E-A86117E08B8E}.Release|Any CPU.ActiveCfg = Release|Any CPU
		{24A5B5F9-BCD8-4775-9A6E-A86117E08B8E}.Release|Any CPU.Build.0 = Release|Any CPU
		{2C736C40-E241-4A44-B43F-A3F9DEFE4437}.Debug|Any CPU.ActiveCfg = Debug|Any CPU
		{2C736C40-E241-4A44-B43F-A3F9DEFE4437}.Debug|Any CPU.Build.0 = Debug|Any CPU
		{2C736C40-E241-4A44-B43F-A3F9DEFE4437}.Release|Any CPU.ActiveCfg = Release|Any CPU
		{2C736C40-E241-4A44-B43F-A3F9DEFE4437}.Release|Any CPU.Build.0 = Release|Any CPU
	EndGlobalSection
	GlobalSection(SolutionProperties) = preSolution
		HideSolutionNode = FALSE
	EndGlobalSection
	GlobalSection(ExtensibilityGlobals) = postSolution
		SolutionGuid = {3FF1AE2B-EE28-486C-9EE8-3D00457C4583}
	EndGlobalSection
EndGlobal
