
Microsoft Visual Studio Solution File, Format Version 12.00
# Visual Studio 15
VisualStudioVersion = 15.0.33423.255
MinimumVisualStudioVersion = 10.0.40219.1
Project("{FAE04EC0-301F-11D3-BF4B-00C04F79EFBC}") = "Loop", "Loop\Loop.csproj", "{2EDF9724-8DD9-45A3-BF93-9FC1005994AD}"
EndProject
Global
	GlobalSection(SolutionConfigurationPlatforms) = preSolution
		Debug|Any CPU = Debug|Any CPU
		Release|Any CPU = Release|Any CPU
	EndGlobalSection
	GlobalSection(ProjectConfigurationPlatforms) = postSolution
		{2EDF9724-8DD9-45A3-BF93-9FC1005994AD}.Debug|Any CPU.ActiveCfg = Debug|Any CPU
		{2EDF9724-8DD9-45A3-BF93-9FC1005994AD}.Debug|Any CPU.Build.0 = Debug|Any CPU
		{2EDF9724-8DD9-45A3-BF93-9FC1005994AD}.Release|Any CPU.ActiveCfg = Release|Any CPU
		{2EDF9724-8DD9-45A3-BF93-9FC1005994AD}.Release|Any CPU.Build.0 = Release|Any CPU
	EndGlobalSection
	GlobalSection(SolutionProperties) = preSolution
		HideSolutionNode = FALSE
	EndGlobalSection
	GlobalSection(ExtensibilityGlobals) = postSolution
		SolutionGuid = {37AF6D89-572C-4046-A687-37D26EFEB8D4}
	EndGlobalSection
EndGlobal
