
Microsoft Visual Studio Solution File, Format Version 12.00
# Visual Studio 15
VisualStudioVersion = 15.0.33423.255
MinimumVisualStudioVersion = 10.0.40219.1
Project("{FAE04EC0-301F-11D3-BF4B-00C04F79EFBC}") = "Homework", "Homework\Homework.csproj", "{69B65294-8DF5-4D88-81DA-5198B3BCE5C9}"
EndProject
Project("{FAE04EC0-301F-11D3-BF4B-00C04F79EFBC}") = "Homework1", "Homework1\Homework1.csproj", "{832FC96C-7735-433C-AF2F-1D05E919DF83}"
EndProject
Project("{FAE04EC0-301F-11D3-BF4B-00C04F79EFBC}") = "Homework2", "Homework2\Homework2.csproj", "{B02DD609-A481-49C8-8714-520897299574}"
EndProject
Project("{FAE04EC0-301F-11D3-BF4B-00C04F79EFBC}") = "Homework3", "Homework3\Homework3.csproj", "{A3C72BD2-A57C-4F1B-94F8-9FD21205214F}"
EndProject
Project("{FAE04EC0-301F-11D3-BF4B-00C04F79EFBC}") = "Homework4", "Homework4\Homework4.csproj", "{C7E66951-6408-484F-9726-1B97FED1D27B}"
EndProject
Project("{FAE04EC0-301F-11D3-BF4B-00C04F79EFBC}") = "Homework5", "Homework5\Homework5.csproj", "{A3C1E985-8DC8-414A-8D9F-84E12BB2EF59}"
EndProject
Global
	GlobalSection(SolutionConfigurationPlatforms) = preSolution
		Debug|Any CPU = Debug|Any CPU
		Release|Any CPU = Release|Any CPU
	EndGlobalSection
	GlobalSection(ProjectConfigurationPlatforms) = postSolution
		{69B65294-8DF5-4D88-81DA-5198B3BCE5C9}.Debug|Any CPU.ActiveCfg = Debug|Any CPU
		{69B65294-8DF5-4D88-81DA-5198B3BCE5C9}.Debug|Any CPU.Build.0 = Debug|Any CPU
		{69B65294-8DF5-4D88-81DA-5198B3BCE5C9}.Release|Any CPU.ActiveCfg = Release|Any CPU
		{69B65294-8DF5-4D88-81DA-5198B3BCE5C9}.Release|Any CPU.Build.0 = Release|Any CPU
		{832FC96C-7735-433C-AF2F-1D05E919DF83}.Debug|Any CPU.ActiveCfg = Debug|Any CPU
		{832FC96C-7735-433C-AF2F-1D05E919DF83}.Debug|Any CPU.Build.0 = Debug|Any CPU
		{832FC96C-7735-433C-AF2F-1D05E919DF83}.Release|Any CPU.ActiveCfg = Release|Any CPU
		{832FC96C-7735-433C-AF2F-1D05E919DF83}.Release|Any CPU.Build.0 = Release|Any CPU
		{B02DD609-A481-49C8-8714-520897299574}.Debug|Any CPU.ActiveCfg = Debug|Any CPU
		{B02DD609-A481-49C8-8714-520897299574}.Debug|Any CPU.Build.0 = Debug|Any CPU
		{B02DD609-A481-49C8-8714-520897299574}.Release|Any CPU.ActiveCfg = Release|Any CPU
		{B02DD609-A481-49C8-8714-520897299574}.Release|Any CPU.Build.0 = Release|Any CPU
		{A3C72BD2-A57C-4F1B-94F8-9FD21205214F}.Debug|Any CPU.ActiveCfg = Debug|Any CPU
		{A3C72BD2-A57C-4F1B-94F8-9FD21205214F}.Debug|Any CPU.Build.0 = Debug|Any CPU
		{A3C72BD2-A57C-4F1B-94F8-9FD21205214F}.Release|Any CPU.ActiveCfg = Release|Any CPU
		{A3C72BD2-A57C-4F1B-94F8-9FD21205214F}.Release|Any CPU.Build.0 = Release|Any CPU
		{C7E66951-6408-484F-9726-1B97FED1D27B}.Debug|Any CPU.ActiveCfg = Debug|Any CPU
		{C7E66951-6408-484F-9726-1B97FED1D27B}.Debug|Any CPU.Build.0 = Debug|Any CPU
		{C7E66951-6408-484F-9726-1B97FED1D27B}.Release|Any CPU.ActiveCfg = Release|Any CPU
		{C7E66951-6408-484F-9726-1B97FED1D27B}.Release|Any CPU.Build.0 = Release|Any CPU
		{A3C1E985-8DC8-414A-8D9F-84E12BB2EF59}.Debug|Any CPU.ActiveCfg = Debug|Any CPU
		{A3C1E985-8DC8-414A-8D9F-84E12BB2EF59}.Debug|Any CPU.Build.0 = Debug|Any CPU
		{A3C1E985-8DC8-414A-8D9F-84E12BB2EF59}.Release|Any CPU.ActiveCfg = Release|Any CPU
		{A3C1E985-8DC8-414A-8D9F-84E12BB2EF59}.Release|Any CPU.Build.0 = Release|Any CPU
	EndGlobalSection
	GlobalSection(SolutionProperties) = preSolution
		HideSolutionNode = FALSE
	EndGlobalSection
	GlobalSection(ExtensibilityGlobals) = postSolution
		SolutionGuid = {41C22F53-3A22-4A33-BD2C-BDAFBED3FDAE}
	EndGlobalSection
EndGlobal
